<?xml version="1.0" encoding="utf-8"?>
<Project ToolsVersion="4.0" xmlns="http://schemas.microsoft.com/developer/msbuild/2003">
  <ItemGroup>
    <Filter Include="External">
      <UniqueIdentifier>{bd35ad01-006d-44af-a2b3-55f7f0ffe5e0}</UniqueIdentifier>
    </Filter>
    <Filter Include="Main">
      <UniqueIdentifier>{4FC737F1-C7A5-4376-A066-2A32D752A2FF}</UniqueIdentifier>
      <Extensions>qml;cpp;c;cc;cxx;def;odl;idl;hpj;bat;asm;asmx</Extensions>
    </Filter>
  </ItemGroup>
  <ItemGroup>
    <ClCompile Include="main.cpp">
      <Filter>Main</Filter>
    </ClCompile>
    <ClCompile Include="..\DataPuller\CsvReader.cpp">
      <Filter>External</Filter>
    </ClCompile>
    <ClCompile Include="Record.cpp">
      <Filter>Main</Filter>
    </ClCompile>
  </ItemGroup>
  <ItemGroup>
    <ClInclude Include="..\DataPuller\CsvReader.h">
      <Filter>External</Filter>
    </ClInclude>
    <ClInclude Include="Record.h">
      <Filter>Main</Filter>
    </ClInclude>
  </ItemGroup>
</Project>